// !$*UTF8*$!
{
	archiveVersion = 1;
	classes = {
	};
	objectVersion = 46;
	objects = {

/* Begin PBXBuildFile section */
		26DC7A258D596623A18950C0 /* Foundation.framework in Frameworks */ = {isa = PBXBuildFile; fileRef = B93B08E91586F3D22AD9433D /* Foundation.framework */; };
		5835B72CF8E532335FB3581B /* Assets.xcassets in Resources */ = {isa = PBXBuildFile; fileRef = 2A75F496696150BFD76234FA /* Assets.xcassets */; };
		6F058BDB114A70F7E93BD22F /* RowEchelonApp.swift in Sources */ = {isa = PBXBuildFile; fileRef = 58A6556976B3ACCF2EC1466B /* RowEchelonApp.swift */; };
		6FCD133361A2E3149ADCA5EB /* GameContainerView.swift in Sources */ = {isa = PBXBuildFile; fileRef = 2676CDDFD9CD4236AF9F824A /* GameContainerView.swift */; };
		A009292267E8EBD4BD61B4B3 /* PrivacyInfo.xcprivacy in Resources */ = {isa = PBXBuildFile; fileRef = 286893E13F21EE6458A04DB7 /* PrivacyInfo.xcprivacy */; };
		FFF365D08F5E270AB1788226 /* GameWebView.swift in Sources */ = {isa = PBXBuildFile; fileRef = 84F65C766F1BAE2F421FCAA1 /* GameWebView.swift */; };
/* End PBXBuildFile section */

/* Begin PBXFileReference section */
		2676CDDFD9CD4236AF9F824A /* GameContainerView.swift */ = {isa = PBXFileReference; includeInIndex = 1; lastKnownFileType = sourcecode.swift; path = GameContainerView.swift; sourceTree = "<group>"; };
		286893E13F21EE6458A04DB7 /* PrivacyInfo.xcprivacy */ = {isa = PBXFileReference; includeInIndex = 1; path = PrivacyInfo.xcprivacy; sourceTree = "<group>"; };
		2A75F496696150BFD76234FA /* Assets.xcassets */ = {isa = PBXFileReference; includeInIndex = 1; lastKnownFileType = folder.assetcatalog; path = Assets.xcassets; sourceTree = "<group>"; };
		2FF035B55656D59ED77553F6 /* Info.plist */ = {isa = PBXFileReference; includeInIndex = 1; lastKnownFileType = text.plist.xml; path = Info.plist; sourceTree = "<group>"; };
		58A6556976B3ACCF2EC1466B /* RowEchelonApp.swift */ = {isa = PBXFileReference; includeInIndex = 1; lastKnownFileType = sourcecode.swift; path = RowEchelonApp.swift; sourceTree = "<group>"; };
		84F65C766F1BAE2F421FCAA1 /* GameWebView.swift */ = {isa = PBXFileReference; includeInIndex = 1; lastKnownFileType = sourcecode.swift; path = GameWebView.swift; sourceTree = "<group>"; };
		B93B08E91586F3D22AD9433D /* Foundation.framework */ = {isa = PBXFileReference; lastKnownFileType = wrapper.framework; name = Foundation.framework; path = Platforms/iPhoneOS.platform/Developer/SDKs/iPhoneOS26.0.sdk/System/Library/Frameworks/Foundation.framework; sourceTree = DEVELOPER_DIR; };
		D1D77E6424B2D35DEA1B6147 /* RowEchelon.app */ = {isa = PBXFileReference; explicitFileType = wrapper.application; includeInIndex = 0; name = RowEchelon.app; path = RowEchelon.app; sourceTree = BUILT_PRODUCTS_DIR; };
/* End PBXFileReference section */

/* Begin PBXFrameworksBuildPhase section */
		CDD70CC305D2F6ADF5FD861D /* Frameworks */ = {
			isa = PBXFrameworksBuildPhase;
			buildActionMask = 2147483647;
			files = (
				26DC7A258D596623A18950C0 /* Foundation.framework in Frameworks */,
			);
			runOnlyForDeploymentPostprocessing = 0;
		};
/* End PBXFrameworksBuildPhase section */

/* Begin PBXGroup section */
		19F8EA383C7A05C1B466F309 /* RowEchelon */ = {
			isa = PBXGroup;
			children = (
				58A6556976B3ACCF2EC1466B /* RowEchelonApp.swift */,
				2676CDDFD9CD4236AF9F824A /* GameContainerView.swift */,
				84F65C766F1BAE2F421FCAA1 /* GameWebView.swift */,
				2FF035B55656D59ED77553F6 /* Info.plist */,
				286893E13F21EE6458A04DB7 /* PrivacyInfo.xcprivacy */,
				2A75F496696150BFD76234FA /* Assets.xcassets */,
			);
			name = RowEchelon;
			path = RowEchelon;
			sourceTree = "<group>";
		};
		20D2818B37E5E447F603FDC3 /* Products */ = {
			isa = PBXGroup;
			children = (
				D1D77E6424B2D35DEA1B6147 /* RowEchelon.app */,
			);
			name = Products;
			sourceTree = "<group>";
		};
		56AF796FC474AAE090BF7C25 = {
			isa = PBXGroup;
			children = (
				20D2818B37E5E447F603FDC3 /* Products */,
				C7D5CB2467F11CAC139EC347 /* Frameworks */,
				19F8EA383C7A05C1B466F309 /* RowEchelon */,
			);
			sourceTree = "<group>";
		};
		8EC8F6BB7CD9665BF9070CE0 /* iOS */ = {
			isa = PBXGroup;
			children = (
				B93B08E91586F3D22AD9433D /* Foundation.framework */,
			);
			name = iOS;
			sourceTree = "<group>";
		};
		C7D5CB2467F11CAC139EC347 /* Frameworks */ = {
			isa = PBXGroup;
			children = (
				8EC8F6BB7CD9665BF9070CE0 /* iOS */,
			);
			name = Frameworks;
			sourceTree = "<group>";
		};
/* End PBXGroup section */

/* Begin PBXNativeTarget section */
		FDF8F8A5B49FAD7B9B0F89CB /* RowEchelon */ = {
			isa = PBXNativeTarget;
			buildConfigurationList = 00CEBFDF8277364C0DE4391B /* Build configuration list for PBXNativeTarget "RowEchelon" */;
			buildPhases = (
				980FA64EBC51E16C791C5EB3 /* Sources */,
				CDD70CC305D2F6ADF5FD861D /* Frameworks */,
				767261A2E8A1A7938B17F22D /* Resources */,
				10BF8A0B92B89C8ED95E6100 /* Bundle Web Game */,
			);
			buildRules = (
			);
			dependencies = (
			);
			name = RowEchelon;
			productName = RowEchelon;
			productReference = D1D77E6424B2D35DEA1B6147 /* RowEchelon.app */;
			productType = "com.apple.product-type.application";
		};
/* End PBXNativeTarget section */

/* Begin PBXProject section */
		1EA6A41E3F4E109BFACA33DC /* Project object */ = {
			isa = PBXProject;
			attributes = {
				LastSwiftUpdateCheck = 2660;
				LastUpgradeCheck = 2660;
			};
			buildConfigurationList = BE19D7C85C1AA49809A20767 /* Build configuration list for PBXProject "RowEchelon" */;
			compatibilityVersion = "Xcode 3.2";
			developmentRegion = en;
			hasScannedForEncodings = 0;
			knownRegions = (
				en,
				Base,
			);
			mainGroup = 56AF796FC474AAE090BF7C25;
			minimizedProjectReferenceProxies = 0;
			preferredProjectObjectVersion = 100;
			productRefGroup = 20D2818B37E5E447F603FDC3 /* Products */;
			projectDirPath = "";
			projectRoot = "";
			targets = (
				FDF8F8A5B49FAD7B9B0F89CB /* RowEchelon */,
			);
		};
/* End PBXProject section */

/* Begin PBXResourcesBuildPhase section */
		767261A2E8A1A7938B17F22D /* Resources */ = {
			isa = PBXResourcesBuildPhase;
			buildActionMask = 2147483647;
			files = (
				A009292267E8EBD4BD61B4B3 /* PrivacyInfo.xcprivacy in Resources */,
				5835B72CF8E532335FB3581B /* Assets.xcassets in Resources */,
			);
			runOnlyForDeploymentPostprocessing = 0;
		};
/* End PBXResourcesBuildPhase section */

/* Begin PBXShellScriptBuildPhase section */
		10BF8A0B92B89C8ED95E6100 /* Bundle Web Game */ = {
			isa = PBXShellScriptBuildPhase;
			buildActionMask = 2147483647;
			files = (
			);
			inputFileListPaths = (
			);
			inputPaths = (
				"$(SRCROOT)/../../index.html",
				"$(SRCROOT)/../../styles.css",
				"$(SRCROOT)/../../app.js",
				"$(SRCROOT)/../../manifest.webmanifest",
				"$(SRCROOT)/../../sw.js",
				"$(SRCROOT)/../../assets",
			);
			name = "Bundle Web Game";
			outputFileListPaths = (
			);
			outputPaths = (
				"$(TARGET_BUILD_DIR)/$(UNLOCALIZED_RESOURCES_FOLDER_PATH)/Web/index.html",
				"$(TARGET_BUILD_DIR)/$(UNLOCALIZED_RESOURCES_FOLDER_PATH)/Web/assets",
			);
			runOnlyForDeploymentPostprocessing = 0;
			shellPath = /bin/bash;
			shellScript = "set -euo pipefail\n\nWEB_SOURCE=\"${SRCROOT}/../..\"\nWEB_DEST=\"${TARGET_BUILD_DIR}/${UNLOCALIZED_RESOURCES_FOLDER_PATH}/Web\"\n\nrm -rf \"${WEB_DEST}\"\nmkdir -p \"${WEB_DEST}\"\ncp \"${WEB_SOURCE}/index.html\" \"${WEB_DEST}/index.html\"\ncp \"${WEB_SOURCE}/styles.css\" \"${WEB_DEST}/styles.css\"\ncp \"${WEB_SOURCE}/app.js\" \"${WEB_DEST}/app.js\"\ncp \"${WEB_SOURCE}/manifest.webmanifest\" \"${WEB_DEST}/manifest.webmanifest\"\ncp \"${WEB_SOURCE}/sw.js\" \"${WEB_DEST}/sw.js\"\nif [[ -f \"${WEB_SOURCE}/privacy.html\" ]]; then\n  cp \"${WEB_SOURCE}/privacy.html\" \"${WEB_DEST}/privacy.html\"\nfi\nditto \"${WEB_SOURCE}/assets\" \"${WEB_DEST}/assets\"\n";
		};
/* End PBXShellScriptBuildPhase section */

/* Begin PBXSourcesBuildPhase section */
		980FA64EBC51E16C791C5EB3 /* Sources */ = {
			isa = PBXSourcesBuildPhase;
			buildActionMask = 2147483647;
			files = (
				6F058BDB114A70F7E93BD22F /* RowEchelonApp.swift in Sources */,
				6FCD133361A2E3149ADCA5EB /* GameContainerView.swift in Sources */,
				FFF365D08F5E270AB1788226 /* GameWebView.swift in Sources */,
			);
			runOnlyForDeploymentPostprocessing = 0;
		};
/* End PBXSourcesBuildPhase section */

/* Begin XCBuildConfiguration section */
		13EFA191B9F8C303E528CF40 /* Debug */ = {
			isa = XCBuildConfiguration;
			buildSettings = {
				ALWAYS_SEARCH_USER_PATHS = NO;
				CLANG_ANALYZER_NONNULL = YES;
				CLANG_ANALYZER_NUMBER_OBJECT_CONVERSION = YES_AGGRESSIVE;
				CLANG_CXX_LANGUAGE_STANDARD = "gnu++14";
				CLANG_CXX_LIBRARY = "libc++";
				CLANG_ENABLE_MODULES = YES;
				CLANG_ENABLE_OBJC_ARC = YES;
				CLANG_ENABLE_OBJC_WEAK = YES;
				CLANG_WARN_BLOCK_CAPTURE_AUTORELEASING = YES;
				CLANG_WARN_BOOL_CONVERSION = YES;
				CLANG_WARN_COMMA = YES;
				CLANG_WARN_CONSTANT_CONVERSION = YES;
				CLANG_WARN_DEPRECATED_OBJC_IMPLEMENTATIONS = YES;
				CLANG_WARN_DIRECT_OBJC_ISA_USAGE = YES_ERROR;
				CLANG_WARN_DOCUMENTATION_COMMENTS = YES;
				CLANG_WARN_EMPTY_BODY = YES;
				CLANG_WARN_ENUM_CONVERSION = YES;
				CLANG_WARN_INFINITE_RECURSION = YES;
				CLANG_WARN_INT_CONVERSION = YES;
				CLANG_WARN_NON_LITERAL_NULL_CONVERSION = YES;
				CLANG_WARN_OBJC_IMPLICIT_RETAIN_SELF = YES;
				CLANG_WARN_OBJC_LITERAL_CONVERSION = YES;
				CLANG_WARN_OBJC_ROOT_CLASS = YES_ERROR;
				CLANG_WARN_QUOTED_INCLUDE_IN_FRAMEWORK_HEADER = YES;
				CLANG_WARN_RANGE_LOOP_ANALYSIS = YES;
				CLANG_WARN_STRICT_PROTOTYPES = YES;
				CLANG_WARN_SUSPICIOUS_MOVE = YES;
				CLANG_WARN_UNGUARDED_AVAILABILITY = YES_AGGRESSIVE;
				CLANG_WARN_UNREACHABLE_CODE = YES;
				CLANG_WARN__DUPLICATE_METHOD_MATCH = YES;
				COPY_PHASE_STRIP = NO;
				DEBUG_INFORMATION_FORMAT = dwarf;
				ENABLE_STRICT_OBJC_MSGSEND = YES;
				ENABLE_TESTABILITY = YES;
				GCC_C_LANGUAGE_STANDARD = gnu11;
				GCC_DYNAMIC_NO_PIC = NO;
				GCC_NO_COMMON_BLOCKS = YES;
				GCC_OPTIMIZATION_LEVEL = 0;
				GCC_PREPROCESSOR_DEFINITIONS = (
					"DEBUG=1",
					"$(inherited)",
				);
				GCC_WARN_64_TO_32_BIT_CONVERSION = YES;
				GCC_WARN_ABOUT_RETURN_TYPE = YES_ERROR;
				GCC_WARN_UNDECLARED_SELECTOR = YES;
				GCC_WARN_UNINITIALIZED_AUTOS = YES_AGGRESSIVE;
				GCC_WARN_UNUSED_FUNCTION = YES;
				GCC_WARN_UNUSED_VARIABLE = YES;
				IPHONEOS_DEPLOYMENT_TARGET = 17.0;
				MTL_ENABLE_DEBUG_INFO = INCLUDE_SOURCE;
				MTL_FAST_MATH = YES;
				ONLY_ACTIVE_ARCH = YES;
				PRODUCT_NAME = "$(TARGET_NAME)";
				SDKROOT = iphoneos;
				SWIFT_ACTIVE_COMPILATION_CONDITIONS = DEBUG;
				SWIFT_OPTIMIZATION_LEVEL = "-Onone";
				SWIFT_VERSION = 5.0;
			};
			name = Debug;
		};
		8134344F9828FB5FF73E0A2C /* Debug */ = {
			isa = XCBuildConfiguration;
			buildSettings = {
				ASSETCATALOG_COMPILER_APPICON_NAME = AppIcon;
				ASSETCATALOG_COMPILER_GLOBAL_ACCENT_COLOR_NAME = AccentColor;
				CLANG_ENABLE_MODULES = YES;
				CLANG_ENABLE_OBJC_WEAK = NO;
				CODE_SIGN_STYLE = Automatic;
				CURRENT_PROJECT_VERSION = 4;
				DEVELOPMENT_ASSET_PATHS = "";
				DEVELOPMENT_TEAM = 53CL8FZ6B3;
				ENABLE_USER_SCRIPT_SANDBOXING = NO;
				GENERATE_INFOPLIST_FILE = NO;
				INFOPLIST_FILE = RowEchelon/Info.plist;
				IPHONEOS_DEPLOYMENT_TARGET = 17.0;
				LD_RUNPATH_SEARCH_PATHS = "$(inherited) @executable_path/Frameworks";
				MARKETING_VERSION = 1.0;
				PRODUCT_BUNDLE_IDENTIFIER = com.netiyiy.rowechelon;
				PRODUCT_NAME = "$(TARGET_NAME)";
				SDKROOT = iphoneos;
				SUPPORTED_PLATFORMS = "iphoneos iphonesimulator";
				SUPPORTS_MACCATALYST = NO;
				SUPPORTS_MAC_DESIGNED_FOR_IPHONE_IPAD = NO;
				SUPPORTS_XR_DESIGNED_FOR_IPHONE_IPAD = NO;
				SWIFT_ACTIVE_COMPILATION_CONDITIONS = "DEBUG $(inherited)";
				SWIFT_EMIT_LOC_STRINGS = YES;
				SWIFT_STRICT_CONCURRENCY = complete;
				SWIFT_VERSION = 6.0;
				TARGETED_DEVICE_FAMILY = 1;
			};
			name = Debug;
		};
		B422F07CD2A1D82C631BC9A6 /* Release */ = {
			isa = XCBuildConfiguration;
			buildSettings = {
				ASSETCATALOG_COMPILER_APPICON_NAME = AppIcon;
				ASSETCATALOG_COMPILER_GLOBAL_ACCENT_COLOR_NAME = AccentColor;
				CLANG_ENABLE_MODULES = YES;
				CLANG_ENABLE_OBJC_WEAK = NO;
				CODE_SIGN_STYLE = Automatic;
				CURRENT_PROJECT_VERSION = 4;
				DEVELOPMENT_ASSET_PATHS = "";
				DEVELOPMENT_TEAM = 53CL8FZ6B3;
				ENABLE_USER_SCRIPT_SANDBOXING = NO;
				GENERATE_INFOPLIST_FILE = NO;
				INFOPLIST_FILE = RowEchelon/Info.plist;
				IPHONEOS_DEPLOYMENT_TARGET = 17.0;
				LD_RUNPATH_SEARCH_PATHS = "$(inherited) @executable_path/Frameworks";
				MARKETING_VERSION = 1.0;
				PRODUCT_BUNDLE_IDENTIFIER = com.netiyiy.rowechelon;
				PRODUCT_NAME = "$(TARGET_NAME)";
				SDKROOT = iphoneos;
				SUPPORTED_PLATFORMS = "iphoneos iphonesimulator";
				SUPPORTS_MACCATALYST = NO;
				SUPPORTS_MAC_DESIGNED_FOR_IPHONE_IPAD = NO;
				SUPPORTS_XR_DESIGNED_FOR_IPHONE_IPAD = NO;
				SWIFT_EMIT_LOC_STRINGS = YES;
				SWIFT_STRICT_CONCURRENCY = complete;
				SWIFT_VERSION = 6.0;
				TARGETED_DEVICE_FAMILY = 1;
				VALIDATE_PRODUCT = YES;
			};
			name = Release;
		};
		FB092D1D8199A3BECEC1BD09 /* Release */ = {
			isa = XCBuildConfiguration;
			buildSettings = {
				ALWAYS_SEARCH_USER_PATHS = NO;
				CLANG_ANALYZER_NONNULL = YES;
				CLANG_ANALYZER_NUMBER_OBJECT_CONVERSION = YES_AGGRESSIVE;
				CLANG_CXX_LANGUAGE_STANDARD = "gnu++14";
				CLANG_CXX_LIBRARY = "libc++";
				CLANG_ENABLE_MODULES = YES;
				CLANG_ENABLE_OBJC_ARC = YES;
				CLANG_ENABLE_OBJC_WEAK = YES;
				CLANG_WARN_BLOCK_CAPTURE_AUTORELEASING = YES;
				CLANG_WARN_BOOL_CONVERSION = YES;
				CLANG_WARN_COMMA = YES;
				CLANG_WARN_CONSTANT_CONVERSION = YES;
				CLANG_WARN_DEPRECATED_OBJC_IMPLEMENTATIONS = YES;
				CLANG_WARN_DIRECT_OBJC_ISA_USAGE = YES_ERROR;
				CLANG_WARN_DOCUMENTATION_COMMENTS = YES;
				CLANG_WARN_EMPTY_BODY = YES;
				CLANG_WARN_ENUM_CONVERSION = YES;
				CLANG_WARN_INFINITE_RECURSION = YES;
				CLANG_WARN_INT_CONVERSION = YES;
				CLANG_WARN_NON_LITERAL_NULL_CONVERSION = YES;
				CLANG_WARN_OBJC_IMPLICIT_RETAIN_SELF = YES;
				CLANG_WARN_OBJC_LITERAL_CONVERSION = YES;
				CLANG_WARN_OBJC_ROOT_CLASS = YES_ERROR;
				CLANG_WARN_QUOTED_INCLUDE_IN_FRAMEWORK_HEADER = YES;
				CLANG_WARN_RANGE_LOOP_ANALYSIS = YES;
				CLANG_WARN_STRICT_PROTOTYPES = YES;
				CLANG_WARN_SUSPICIOUS_MOVE = YES;
				CLANG_WARN_UNGUARDED_AVAILABILITY = YES_AGGRESSIVE;
				CLANG_WARN_UNREACHABLE_CODE = YES;
				CLANG_WARN__DUPLICATE_METHOD_MATCH = YES;
				COPY_PHASE_STRIP = NO;
				DEBUG_INFORMATION_FORMAT = "dwarf-with-dsym";
				ENABLE_NS_ASSERTIONS = NO;
				ENABLE_STRICT_OBJC_MSGSEND = YES;
				GCC_C_LANGUAGE_STANDARD = gnu11;
				GCC_NO_COMMON_BLOCKS = YES;
				GCC_WARN_64_TO_32_BIT_CONVERSION = YES;
				GCC_WARN_ABOUT_RETURN_TYPE = YES_ERROR;
				GCC_WARN_UNDECLARED_SELECTOR = YES;
				GCC_WARN_UNINITIALIZED_AUTOS = YES_AGGRESSIVE;
				GCC_WARN_UNUSED_FUNCTION = YES;
				GCC_WARN_UNUSED_VARIABLE = YES;
				IPHONEOS_DEPLOYMENT_TARGET = 17.0;
				MTL_ENABLE_DEBUG_INFO = NO;
				MTL_FAST_MATH = YES;
				PRODUCT_NAME = "$(TARGET_NAME)";
				SDKROOT = iphoneos;
				SWIFT_COMPILATION_MODE = wholemodule;
				SWIFT_OPTIMIZATION_LEVEL = "-O";
				SWIFT_VERSION = 5.0;
			};
			name = Release;
		};
/* End XCBuildConfiguration section */

/* Begin XCConfigurationList section */
		00CEBFDF8277364C0DE4391B /* Build configuration list for PBXNativeTarget "RowEchelon" */ = {
			isa = XCConfigurationList;
			buildConfigurations = (
				B422F07CD2A1D82C631BC9A6 /* Release */,
				8134344F9828FB5FF73E0A2C /* Debug */,
			);
			defaultConfigurationIsVisible = 0;
			defaultConfigurationName = Release;
		};
		BE19D7C85C1AA49809A20767 /* Build configuration list for PBXProject "RowEchelon" */ = {
			isa = XCConfigurationList;
			buildConfigurations = (
				13EFA191B9F8C303E528CF40 /* Debug */,
				FB092D1D8199A3BECEC1BD09 /* Release */,
			);
			defaultConfigurationIsVisible = 0;
			defaultConfigurationName = Release;
		};
/* End XCConfigurationList section */
	};
	rootObject = 1EA6A41E3F4E109BFACA33DC /* Project object */;
}
